
Microsoft Visual Studio Solution File, Format Version 12.00
# Visual Studio Version 17
VisualStudioVersion = 17.0.32112.339
MinimumVisualStudioVersion = 10.0.40219.1
Project("{9A19103F-16F7-4668-BE54-9A1E7A4F7556}") = "WebApi", "WebApi\WebApi.csproj", "{720639E3-2F4C-441F-BD96-1A0FC8A3B691}"
EndProject
Project("{9A19103F-16F7-4668-BE54-9A1E7A4F7556}") = "Application", "Application\Application.csproj", "{887E9295-AA85-4299-B1B0-3EAC86DF8FB3}"
EndProject
Project("{9A19103F-16F7-4668-BE54-9A1E7A4F7556}") = "Domain", "Domain\Domain.csproj", "{9CC69E77-E19E-4649-8981-4A2A4E7AA16D}"
EndProject
Project("{9A19103F-16F7-4668-BE54-9A1E7A4F7556}") = "Infrastructure", "Infrastructure\Infrastructure.csproj", "{24184B37-3B3D-4913-B5F5-E811162D7A7B}"
EndProject
Project("{9A19103F-16F7-4668-BE54-9A1E7A4F7556}") = "WebUI", "WebUI\WebUI.csproj", "{422E9DF1-DA6A-4EDA-9710-89B85F23DA1C}"
EndProject
Project("{9A19103F-16F7-4668-BE54-9A1E7A4F7556}") = "Domain.Test", "Domain.Test\Domain.Test.csproj", "{30949BB8-17CC-471C-8ABD-DCDC6C6BA28B}"
EndProject
Project("{9A19103F-16F7-4668-BE54-9A1E7A4F7556}") = "Infrastructure.Test", "Infrastructure.Test\Infrastructure.Test.csproj", "{7B2D19DF-927F-4CC5-B831-7C2623A51DBF}"
EndProject
Project("{2150E333-8FDC-42A3-9474-1A3956D46DE8}") = "Solution Items", "Solution Items", "{7170731E-8453-4BD4-9281-E123B7ED0962}"
	ProjectSection(SolutionItems) = preProject
		DevLog.txt = DevLog.txt
	EndProjectSection
EndProject
Global
	GlobalSection(SolutionConfigurationPlatforms) = preSolution
		Debug|Any CPU = Debug|Any CPU
		Release|Any CPU = Release|Any CPU
	EndGlobalSection
	GlobalSection(ProjectConfigurationPlatforms) = postSolution
		{720639E3-2F4C-441F-BD96-1A0FC8A3B691}.Debug|Any CPU.ActiveCfg = Debug|Any CPU
		{720639E3-2F4C-441F-BD96-1A0FC8A3B691}.Debug|Any CPU.Build.0 = Debug|Any CPU
		{720639E3-2F4C-441F-BD96-1A0FC8A3B691}.Release|Any CPU.ActiveCfg = Release|Any CPU
		{720639E3-2F4C-441F-BD96-1A0FC8A3B691}.Release|Any CPU.Build.0 = Release|Any CPU
		{887E9295-AA85-4299-B1B0-3EAC86DF8FB3}.Debug|Any CPU.ActiveCfg = Debug|Any CPU
		{887E9295-AA85-4299-B1B0-3EAC86DF8FB3}.Debug|Any CPU.Build.0 = Debug|Any CPU
		{887E9295-AA85-4299-B1B0-3EAC86DF8FB3}.Release|Any CPU.ActiveCfg = Release|Any CPU
		{887E9295-AA85-4299-B1B0-3EAC86DF8FB3}.Release|Any CPU.Build.0 = Release|Any CPU
		{9CC69E77-E19E-4649-8981-4A2A4E7AA16D}.Debug|Any CPU.ActiveCfg = Debug|Any CPU
		{9CC69E77-E19E-4649-8981-4A2A4E7AA16D}.Debug|Any CPU.Build.0 = Debug|Any CPU
		{9CC69E77-E19E-4649-8981-4A2A4E7AA16D}.Release|Any CPU.ActiveCfg = Release|Any CPU
		{9CC69E77-E19E-4649-8981-4A2A4E7AA16D}.Release|Any CPU.Build.0 = Release|Any CPU
		{24184B37-3B3D-4913-B5F5-E811162D7A7B}.Debug|Any CPU.ActiveCfg = Debug|Any CPU
		{24184B37-3B3D-4913-B5F5-E811162D7A7B}.Debug|Any CPU.Build.0 = Debug|Any CPU
		{24184B37-3B3D-4913-B5F5-E811162D7A7B}.Release|Any CPU.ActiveCfg = Release|Any CPU
		{24184B37-3B3D-4913-B5F5-E811162D7A7B}.Release|Any CPU.Build.0 = Release|Any CPU
		{422E9DF1-DA6A-4EDA-9710-89B85F23DA1C}.Debug|Any CPU.ActiveCfg = Debug|Any CPU
		{422E9DF1-DA6A-4EDA-9710-89B85F23DA1C}.Debug|Any CPU.Build.0 = Debug|Any CPU
		{422E9DF1-DA6A-4EDA-9710-89B85F23DA1C}.Release|Any CPU.ActiveCfg = Release|Any CPU
		{422E9DF1-DA6A-4EDA-9710-89B85F23DA1C}.Release|Any CPU.Build.0 = Release|Any CPU
		{30949BB8-17CC-471C-8ABD-DCDC6C6BA28B}.Debug|Any CPU.ActiveCfg = Debug|Any CPU
		{30949BB8-17CC-471C-8ABD-DCDC6C6BA28B}.Debug|Any CPU.Build.0 = Debug|Any CPU
		{30949BB8-17CC-471C-8ABD-DCDC6C6BA28B}.Release|Any CPU.ActiveCfg = Release|Any CPU
		{30949BB8-17CC-471C-8ABD-DCDC6C6BA28B}.Release|Any CPU.Build.0 = Release|Any CPU
		{7B2D19DF-927F-4CC5-B831-7C2623A51DBF}.Debug|Any CPU.ActiveCfg = Debug|Any CPU
		{7B2D19DF-927F-4CC5-B831-7C2623A51DBF}.Debug|Any CPU.Build.0 = Debug|Any CPU
		{7B2D19DF-927F-4CC5-B831-7C2623A51DBF}.Release|Any CPU.ActiveCfg = Release|Any CPU
		{7B2D19DF-927F-4CC5-B831-7C2623A51DBF}.Release|Any CPU.Build.0 = Release|Any CPU
	EndGlobalSection
	GlobalSection(SolutionProperties) = preSolution
		HideSolutionNode = FALSE
	EndGlobalSection
	GlobalSection(ExtensibilityGlobals) = postSolution
		SolutionGuid = {04B9A7CA-2605-489D-9E8D-57FCE164F29E}
	EndGlobalSection
EndGlobal
